// !$*UTF8*$!
{
	archiveVersion = 1;
	classes = {
	};
	objectVersion = 46;
	objects = {

/* Begin PBXBuildFile section */
		987DD4361D94BDFD00D71919 /* main.m in Sources */ = {isa = PBXBuildFile; fileRef = 987DD4351D94BDFD00D71919 /* main.m */; };
		987DD4391D94BDFD00D71919 /* AppDelegate.m in Sources */ = {isa = PBXBuildFile; fileRef = 987DD4381D94BDFD00D71919 /* AppDelegate.m */; };
		987DD43C1D94BDFD00D71919 /* ViewController.m in Sources */ = {isa = PBXBuildFile; fileRef = 987DD43B1D94BDFD00D71919 /* ViewController.m */; };
		987DD43F1D94BDFD00D71919 /* Main.storyboard in Resources */ = {isa = PBXBuildFile; fileRef = 987DD43D1D94BDFD00D71919 /* Main.storyboard */; };
		987DD4411D94BDFD00D71919 /* Assets.xcassets in Resources */ = {isa = PBXBuildFile; fileRef = 987DD4401D94BDFD00D71919 /* Assets.xcassets */; };
		987DD4441D94BDFD00D71919 /* LaunchScreen.storyboard in Resources */ = {isa = PBXBuildFile; fileRef = 987DD4421D94BDFD00D71919 /* LaunchScreen.storyboard */; };
		987DD44F1D94BDFE00D71919 /* _1Tests.m in Sources */ = {isa = PBXBuildFile; fileRef = 987DD44E1D94BDFE00D71919 /* _1Tests.m */; };
		987DD45A1D94BDFE00D71919 /* _1UITests.m in Sources */ = {isa = PBXBuildFile; fileRef = 987DD4591D94BDFE00D71919 /* _1UITests.m */; };
/* End PBXBuildFile section */

/* Begin PBXContainerItemProxy section */
		987DD44B1D94BDFE00D71919 /* PBXContainerItemProxy */ = {
			isa = PBXContainerItemProxy;
			containerPortal = 987DD4291D94BDFD00D71919 /* Project object */;
			proxyType = 1;
			remoteGlobalIDString = 987DD4301D94BDFD00D71919;
			remoteInfo = 11;
		};
		987DD4561D94BDFE00D71919 /* PBXContainerItemProxy */ = {
			isa = PBXContainerItemProxy;
			containerPortal = 987DD4291D94BDFD00D71919 /* Project object */;
			proxyType = 1;
			remoteGlobalIDString = 987DD4301D94BDFD00D71919;
			remoteInfo = 11;
		};
/* End PBXContainerItemProxy section */

/* Begin PBXFileReference section */
		987DD4311D94BDFD00D71919 /* 11.app */ = {isa = PBXFileReference; explicitFileType = wrapper.application; includeInIndex = 0; path = 11.app; sourceTree = BUILT_PRODUCTS_DIR; };
		987DD4351D94BDFD00D71919 /* main.m */ = {isa = PBXFileReference; lastKnownFileType = sourcecode.c.objc; path = main.m; sourceTree = "<group>"; };
		987DD4371D94BDFD00D71919 /* AppDelegate.h */ = {isa = PBXFileReference; lastKnownFileType = sourcecode.c.h; path = AppDelegate.h; sourceTree = "<group>"; };
		987DD4381D94BDFD00D71919 /* AppDelegate.m */ = {isa = PBXFileReference; lastKnownFileType = sourcecode.c.objc; path = AppDelegate.m; sourceTree = "<group>"; };
		987DD43A1D94BDFD00D71919 /* ViewController.h */ = {isa = PBXFileReference; lastKnownFileType = sourcecode.c.h; path = ViewController.h; sourceTree = "<group>"; };
		987DD43B1D94BDFD00D71919 /* ViewController.m */ = {isa = PBXFileReference; lastKnownFileType = sourcecode.c.objc; path = ViewController.m; sourceTree = "<group>"; };
		987DD43E1D94BDFD00D71919 /* Base */ = {isa = PBXFileReference; lastKnownFileType = file.storyboard; name = Base; path = Base.lproj/Main.storyboard; sourceTree = "<group>"; };
		987DD4401D94BDFD00D71919 /* Assets.xcassets */ = {isa = PBXFileReference; lastKnownFileType = folder.assetcatalog; path = Assets.xcassets; sourceTree = "<group>"; };
		987DD4431D94BDFD00D71919 /* Base */ = {isa = PBXFileReference; lastKnownFileType = file.storyboard; name = Base; path = Base.lproj/LaunchScreen.storyboard; sourceTree = "<group>"; };
		987DD4451D94BDFD00D71919 /* Info.plist */ = {isa = PBXFileReference; lastKnownFileType = text.plist.xml; path = Info.plist; sourceTree = "<group>"; };
		987DD44A1D94BDFE00D71919 /* 11Tests.xctest */ = {isa = PBXFileReference; explicitFileType = wrapper.cfbundle; includeInIndex = 0; path = 11Tests.xctest; sourceTree = BUILT_PRODUCTS_DIR; };
		987DD44E1D94BDFE00D71919 /* _1Tests.m */ = {isa = PBXFileReference; lastKnownFileType = sourcecode.c.objc; path = _1Tests.m; sourceTree = "<group>"; };
		987DD4501D94BDFE00D71919 /* Info.plist */ = {isa = PBXFileReference; lastKnownFileType = text.plist.xml; path = Info.plist; sourceTree = "<group>"; };
		987DD4551D94BDFE00D71919 /* 11UITests.xctest */ = {isa = PBXFileReference; explicitFileType = wrapper.cfbundle; includeInIndex = 0; path = 11UITests.xctest; sourceTree = BUILT_PRODUCTS_DIR; };
		987DD4591D94BDFE00D71919 /* _1UITests.m */ = {isa = PBXFileReference; lastKnownFileType = sourcecode.c.objc; path = _1UITests.m; sourceTree = "<group>"; };
		987DD45B1D94BDFE00D71919 /* Info.plist */ = {isa = PBXFileReference; lastKnownFileType = text.plist.xml; path = Info.plist; sourceTree = "<group>"; };
/* End PBXFileReference section */

/* Begin PBXFrameworksBuildPhase section */
		987DD42E1D94BDFD00D71919 /* Frameworks */ = {
			isa = PBXFrameworksBuildPhase;
			buildActionMask = 2147483647;
			files = (
			);
			runOnlyForDeploymentPostprocessing = 0;
		};
		987DD4471D94BDFE00D71919 /* Frameworks */ = {
			isa = PBXFrameworksBuildPhase;
			buildActionMask = 2147483647;
			files = (
			);
			runOnlyForDeploymentPostprocessing = 0;
		};
		987DD4521D94BDFE00D71919 /* Frameworks */ = {
			isa = PBXFrameworksBuildPhase;
			buildActionMask = 2147483647;
			files = (
			);
			runOnlyForDeploymentPostprocessing = 0;
		};
/* End PBXFrameworksBuildPhase section */

/* Begin PBXGroup section */
		987DD4281D94BDFD00D71919 = {
			isa = PBXGroup;
			children = (
				987DD4331D94BDFD00D71919 /* 11 */,
				987DD44D1D94BDFE00D71919 /* 11Tests */,
				987DD4581D94BDFE00D71919 /* 11UITests */,
				987DD4321D94BDFD00D71919 /* Products */,
			);
			sourceTree = "<group>";
		};
		987DD4321D94BDFD00D71919 /* Products */ = {
			isa = PBXGroup;
			children = (
				987DD4311D94BDFD00D71919 /* 11.app */,
				987DD44A1D94BDFE00D71919 /* 11Tests.xctest */,
				987DD4551D94BDFE00D71919 /* 11UITests.xctest */,
			);
			name = Products;
			sourceTree = "<group>";
		};
		987DD4331D94BDFD00D71919 /* 11 */ = {
			isa = PBXGroup;
			children = (
				987DD4371D94BDFD00D71919 /* AppDelegate.h */,
				987DD4381D94BDFD00D71919 /* AppDelegate.m */,
				987DD43A1D94BDFD00D71919 /* ViewController.h */,
				987DD43B1D94BDFD00D71919 /* ViewController.m */,
				987DD43D1D94BDFD00D71919 /* Main.storyboard */,
				987DD4401D94BDFD00D71919 /* Assets.xcassets */,
				987DD4421D94BDFD00D71919 /* LaunchScreen.storyboard */,
				987DD4451D94BDFD00D71919 /* Info.plist */,
				987DD4341D94BDFD00D71919 /* Supporting Files */,
			);
			path = 11;
			sourceTree = "<group>";
		};
		987DD4341D94BDFD00D71919 /* Supporting Files */ = {
			isa = PBXGroup;
			children = (
				987DD4351D94BDFD00D71919 /* main.m */,
			);
			name = "Supporting Files";
			sourceTree = "<group>";
		};
		987DD44D1D94BDFE00D71919 /* 11Tests */ = {
			isa = PBXGroup;
			children = (
				987DD44E1D94BDFE00D71919 /* _1Tests.m */,
				987DD4501D94BDFE00D71919 /* Info.plist */,
			);
			path = 11Tests;
			sourceTree = "<group>";
		};
		987DD4581D94BDFE00D71919 /* 11UITests */ = {
			isa = PBXGroup;
			children = (
				987DD4591D94BDFE00D71919 /* _1UITests.m */,
				987DD45B1D94BDFE00D71919 /* Info.plist */,
			);
			path = 11UITests;
			sourceTree = "<group>";
		};
/* End PBXGroup section */

/* Begin PBXNativeTarget section */
		987DD4301D94BDFD00D71919 /* 11 */ = {
			isa = PBXNativeTarget;
			buildConfigurationList = 987DD45E1D94BDFE00D71919 /* Build configuration list for PBXNativeTarget "11" */;
			buildPhases = (
				987DD42D1D94BDFD00D71919 /* Sources */,
				987DD42E1D94BDFD00D71919 /* Frameworks */,
				987DD42F1D94BDFD00D71919 /* Resources */,
			);
			buildRules = (
			);
			dependencies = (
			);
			name = 11;
			productName = 11;
			productReference = 987DD4311D94BDFD00D71919 /* 11.app */;
			productType = "com.apple.product-type.application";
		};
		987DD4491D94BDFE00D71919 /* 11Tests */ = {
			isa = PBXNativeTarget;
			buildConfigurationList = 987DD4611D94BDFE00D71919 /* Build configuration list for PBXNativeTarget "11Tests" */;
			buildPhases = (
				987DD4461D94BDFE00D71919 /* Sources */,
				987DD4471D94BDFE00D71919 /* Frameworks */,
				987DD4481D94BDFE00D71919 /* Resources */,
			);
			buildRules = (
			);
			dependencies = (
				987DD44C1D94BDFE00D71919 /* PBXTargetDependency */,
			);
			name = 11Tests;
			productName = 11Tests;
			productReference = 987DD44A1D94BDFE00D71919 /* 11Tests.xctest */;
			productType = "com.apple.product-type.bundle.unit-test";
		};
		987DD4541D94BDFE00D71919 /* 11UITests */ = {
			isa = PBXNativeTarget;
			buildConfigurationList = 987DD4641D94BDFE00D71919 /* Build configuration list for PBXNativeTarget "11UITests" */;
			buildPhases = (
				987DD4511D94BDFE00D71919 /* Sources */,
				987DD4521D94BDFE00D71919 /* Frameworks */,
				987DD4531D94BDFE00D71919 /* Resources */,
			);
			buildRules = (
			);
			dependencies = (
				987DD4571D94BDFE00D71919 /* PBXTargetDependency */,
			);
			name = 11UITests;
			productName = 11UITests;
			productReference = 987DD4551D94BDFE00D71919 /* 11UITests.xctest */;
			productType = "com.apple.product-type.bundle.ui-testing";
		};
/* End PBXNativeTarget section */

/* Begin PBXProject section */
		987DD4291D94BDFD00D71919 /* Project object */ = {
			isa = PBXProject;
			attributes = {
				LastUpgradeCheck = 0800;
				ORGANIZATIONNAME = "何阳模";
				TargetAttributes = {
					987DD4301D94BDFD00D71919 = {
						CreatedOnToolsVersion = 8.0;
						ProvisioningStyle = Automatic;
					};
					987DD4491D94BDFE00D71919 = {
						CreatedOnToolsVersion = 8.0;
						ProvisioningStyle = Automatic;
						TestTargetID = 987DD4301D94BDFD00D71919;
					};
					987DD4541D94BDFE00D71919 = {
						CreatedOnToolsVersion = 8.0;
						ProvisioningStyle = Automatic;
						TestTargetID = 987DD4301D94BDFD00D71919;
					};
				};
			};
			buildConfigurationList = 987DD42C1D94BDFD00D71919 /* Build configuration list for PBXProject "11" */;
			compatibilityVersion = "Xcode 3.2";
			developmentRegion = English;
			hasScannedForEncodings = 0;
			knownRegions = (
				en,
				Base,
			);
			mainGroup = 987DD4281D94BDFD00D71919;
			productRefGroup = 987DD4321D94BDFD00D71919 /* Products */;
			projectDirPath = "";
			projectRoot = "";
			targets = (
				987DD4301D94BDFD00D71919 /* 11 */,
				987DD4491D94BDFE00D71919 /* 11Tests */,
				987DD4541D94BDFE00D71919 /* 11UITests */,
			);
		};
/* End PBXProject section */

/* Begin PBXResourcesBuildPhase section */
		987DD42F1D94BDFD00D71919 /* Resources */ = {
			isa = PBXResourcesBuildPhase;
			buildActionMask = 2147483647;
			files = (
				987DD4441D94BDFD00D71919 /* LaunchScreen.storyboard in Resources */,
				987DD4411D94BDFD00D71919 /* Assets.xcassets in Resources */,
				987DD43F1D94BDFD00D71919 /* Main.storyboard in Resources */,
			);
			runOnlyForDeploymentPostprocessing = 0;
		};
		987DD4481D94BDFE00D71919 /* Resources */ = {
			isa = PBXResourcesBuildPhase;
			buildActionMask = 2147483647;
			files = (
			);
			runOnlyForDeploymentPostprocessing = 0;
		};
		987DD4531D94BDFE00D71919 /* Resources */ = {
			isa = PBXResourcesBuildPhase;
			buildActionMask = 2147483647;
			files = (
			);
			runOnlyForDeploymentPostprocessing = 0;
		};
/* End PBXResourcesBuildPhase section */

/* Begin PBXSourcesBuildPhase section */
		987DD42D1D94BDFD00D71919 /* Sources */ = {
			isa = PBXSourcesBuildPhase;
			buildActionMask = 2147483647;
			files = (
				987DD43C1D94BDFD00D71919 /* ViewController.m in Sources */,
				987DD4391D94BDFD00D71919 /* AppDelegate.m in Sources */,
				987DD4361D94BDFD00D71919 /* main.m in Sources */,
			);
			runOnlyForDeploymentPostprocessing = 0;
		};
		987DD4461D94BDFE00D71919 /* Sources */ = {
			isa = PBXSourcesBuildPhase;
			buildActionMask = 2147483647;
			files = (
				987DD44F1D94BDFE00D71919 /* _1Tests.m in Sources */,
			);
			runOnlyForDeploymentPostprocessing = 0;
		};
		987DD4511D94BDFE00D71919 /* Sources */ = {
			isa = PBXSourcesBuildPhase;
			buildActionMask = 2147483647;
			files = (
				987DD45A1D94BDFE00D71919 /* _1UITests.m in Sources */,
			);
			runOnlyForDeploymentPostprocessing = 0;
		};
/* End PBXSourcesBuildPhase section */

/* Begin PBXTargetDependency section */
		987DD44C1D94BDFE00D71919 /* PBXTargetDependency */ = {
			isa = PBXTargetDependency;
			target = 987DD4301D94BDFD00D71919 /* 11 */;
			targetProxy = 987DD44B1D94BDFE00D71919 /* PBXContainerItemProxy */;
		};
		987DD4571D94BDFE00D71919 /* PBXTargetDependency */ = {
			isa = PBXTargetDependency;
			target = 987DD4301D94BDFD00D71919 /* 11 */;
			targetProxy = 987DD4561D94BDFE00D71919 /* PBXContainerItemProxy */;
		};
/* End PBXTargetDependency section */

/* Begin PBXVariantGroup section */
		987DD43D1D94BDFD00D71919 /* Main.storyboard */ = {
			isa = PBXVariantGroup;
			children = (
				987DD43E1D94BDFD00D71919 /* Base */,
			);
			name = Main.storyboard;
			sourceTree = "<group>";
		};
		987DD4421D94BDFD00D71919 /* LaunchScreen.storyboard */ = {
			isa = PBXVariantGroup;
			children = (
				987DD4431D94BDFD00D71919 /* Base */,
			);
			name = LaunchScreen.storyboard;
			sourceTree = "<group>";
		};
/* End PBXVariantGroup section */

/* Begin XCBuildConfiguration section */
		987DD45C1D94BDFE00D71919 /* Debug */ = {
			isa = XCBuildConfiguration;
			buildSettings = {
				ALWAYS_SEARCH_USER_PATHS = NO;
				CLANG_ANALYZER_NONNULL = YES;
				CLANG_CXX_LANGUAGE_STANDARD = "gnu++0x";
				CLANG_CXX_LIBRARY = "libc++";
				CLANG_ENABLE_MODULES = YES;
				CLANG_ENABLE_OBJC_ARC = YES;
				CLANG_WARN_BOOL_CONVERSION = YES;
				CLANG_WARN_CONSTANT_CONVERSION = YES;
				CLANG_WARN_DIRECT_OBJC_ISA_USAGE = YES_ERROR;
				CLANG_WARN_DOCUMENTATION_COMMENTS = YES;
				CLANG_WARN_EMPTY_BODY = YES;
				CLANG_WARN_ENUM_CONVERSION = YES;
				CLANG_WARN_INFINITE_RECURSION = YES;
				CLANG_WARN_INT_CONVERSION = YES;
				CLANG_WARN_OBJC_ROOT_CLASS = YES_ERROR;
				CLANG_WARN_SUSPICIOUS_MOVES = YES;
				CLANG_WARN_UNREACHABLE_CODE = YES;
				CLANG_WARN__DUPLICATE_METHOD_MATCH = YES;
				"CODE_SIGN_IDENTITY[sdk=iphoneos*]" = "iPhone Developer";
				COPY_PHASE_STRIP = NO;
				DEBUG_INFORMATION_FORMAT = dwarf;
				ENABLE_STRICT_OBJC_MSGSEND = YES;
				ENABLE_TESTABILITY = YES;
				GCC_C_LANGUAGE_STANDARD = gnu99;
				GCC_DYNAMIC_NO_PIC = NO;
				GCC_NO_COMMON_BLOCKS = YES;
				GCC_OPTIMIZATION_LEVEL = 0;
				GCC_PREPROCESSOR_DEFINITIONS = (
					"DEBUG=1",
					"$(inherited)",
				);
				GCC_WARN_64_TO_32_BIT_CONVERSION = YES;
				GCC_WARN_ABOUT_RETURN_TYPE = YES_ERROR;
				GCC_WARN_UNDECLARED_SELECTOR = YES;
				GCC_WARN_UNINITIALIZED_AUTOS = YES_AGGRESSIVE;
				GCC_WARN_UNUSED_FUNCTION = YES;
				GCC_WARN_UNUSED_VARIABLE = YES;
				IPHONEOS_DEPLOYMENT_TARGET = 10.0;
				MTL_ENABLE_DEBUG_INFO = YES;
				ONLY_ACTIVE_ARCH = YES;
				SDKROOT = iphoneos;
				TARGETED_DEVICE_FAMILY = "1,2";
			};
			name = Debug;
		};
		987DD45D1D94BDFE00D71919 /* Release */ = {
			isa = XCBuildConfiguration;
			buildSettings = {
				ALWAYS_SEARCH_USER_PATHS = NO;
				CLANG_ANALYZER_NONNULL = YES;
				CLANG_CXX_LANGUAGE_STANDARD = "gnu++0x";
				CLANG_CXX_LIBRARY = "libc++";
				CLANG_ENABLE_MODULES = YES;
				CLANG_ENABLE_OBJC_ARC = YES;
				CLANG_WARN_BOOL_CONVERSION = YES;
				CLANG_WARN_CONSTANT_CONVERSION = YES;
				CLANG_WARN_DIRECT_OBJC_ISA_USAGE = YES_ERROR;
				CLANG_WARN_DOCUMENTATION_COMMENTS = YES;
				CLANG_WARN_EMPTY_BODY = YES;
				CLANG_WARN_ENUM_CONVERSION = YES;
				CLANG_WARN_INFINITE_RECURSION = YES;
				CLANG_WARN_INT_CONVERSION = YES;
				CLANG_WARN_OBJC_ROOT_CLASS = YES_ERROR;
				CLANG_WARN_SUSPICIOUS_MOVES = YES;
				CLANG_WARN_UNREACHABLE_CODE = YES;
				CLANG_WARN__DUPLICATE_METHOD_MATCH = YES;
				"CODE_SIGN_IDENTITY[sdk=iphoneos*]" = "iPhone Developer";
				COPY_PHASE_STRIP = NO;
				DEBUG_INFORMATION_FORMAT = "dwarf-with-dsym";
				ENABLE_NS_ASSERTIONS = NO;
				ENABLE_STRICT_OBJC_MSGSEND = YES;
				GCC_C_LANGUAGE_STANDARD = gnu99;
				GCC_NO_COMMON_BLOCKS = YES;
				GCC_WARN_64_TO_32_BIT_CONVERSION = YES;
				GCC_WARN_ABOUT_RETURN_TYPE = YES_ERROR;
				GCC_WARN_UNDECLARED_SELECTOR = YES;
				GCC_WARN_UNINITIALIZED_AUTOS = YES_AGGRESSIVE;
				GCC_WARN_UNUSED_FUNCTION = YES;
				GCC_WARN_UNUSED_VARIABLE = YES;
				IPHONEOS_DEPLOYMENT_TARGET = 10.0;
				MTL_ENABLE_DEBUG_INFO = NO;
				SDKROOT = iphoneos;
				TARGETED_DEVICE_FAMILY = "1,2";
				VALIDATE_PRODUCT = YES;
			};
			name = Release;
		};
		987DD45F1D94BDFE00D71919 /* Debug */ = {
			isa = XCBuildConfiguration;
			buildSettings = {
				ASSETCATALOG_COMPILER_APPICON_NAME = AppIcon;
				INFOPLIST_FILE = 11/Info.plist;
				LD_RUNPATH_SEARCH_PATHS = "$(inherited) @executable_path/Frameworks";
				PRODUCT_BUNDLE_IDENTIFIER = "HYM.-1";
				PRODUCT_NAME = "$(TARGET_NAME)";
			};
			name = Debug;
		};
		987DD4601D94BDFE00D71919 /* Release */ = {
			isa = XCBuildConfiguration;
			buildSettings = {
				ASSETCATALOG_COMPILER_APPICON_NAME = AppIcon;
				INFOPLIST_FILE = 11/Info.plist;
				LD_RUNPATH_SEARCH_PATHS = "$(inherited) @executable_path/Frameworks";
				PRODUCT_BUNDLE_IDENTIFIER = "HYM.-1";
				PRODUCT_NAME = "$(TARGET_NAME)";
			};
			name = Release;
		};
		987DD4621D94BDFE00D71919 /* Debug */ = {
			isa = XCBuildConfiguration;
			buildSettings = {
				BUNDLE_LOADER = "$(TEST_HOST)";
				INFOPLIST_FILE = 11Tests/Info.plist;
				LD_RUNPATH_SEARCH_PATHS = "$(inherited) @executable_path/Frameworks @loader_path/Frameworks";
				PRODUCT_BUNDLE_IDENTIFIER = "HYM.-1Tests";
				PRODUCT_NAME = "$(TARGET_NAME)";
				TEST_HOST = "$(BUILT_PRODUCTS_DIR)/11.app/11";
			};
			name = Debug;
		};
		987DD4631D94BDFE00D71919 /* Release */ = {
			isa = XCBuildConfiguration;
			buildSettings = {
				BUNDLE_LOADER = "$(TEST_HOST)";
				INFOPLIST_FILE = 11Tests/Info.plist;
				LD_RUNPATH_SEARCH_PATHS = "$(inherited) @executable_path/Frameworks @loader_path/Frameworks";
				PRODUCT_BUNDLE_IDENTIFIER = "HYM.-1Tests";
				PRODUCT_NAME = "$(TARGET_NAME)";
				TEST_HOST = "$(BUILT_PRODUCTS_DIR)/11.app/11";
			};
			name = Release;
		};
		987DD4651D94BDFE00D71919 /* Debug */ = {
			isa = XCBuildConfiguration;
			buildSettings = {
				INFOPLIST_FILE = 11UITests/Info.plist;
				LD_RUNPATH_SEARCH_PATHS = "$(inherited) @executable_path/Frameworks @loader_path/Frameworks";
				PRODUCT_BUNDLE_IDENTIFIER = "HYM.-1UITests";
				PRODUCT_NAME = "$(TARGET_NAME)";
				TEST_TARGET_NAME = 11;
			};
			name = Debug;
		};
		987DD4661D94BDFE00D71919 /* Release */ = {
			isa = XCBuildConfiguration;
			buildSettings = {
				INFOPLIST_FILE = 11UITests/Info.plist;
				LD_RUNPATH_SEARCH_PATHS = "$(inherited) @executable_path/Frameworks @loader_path/Frameworks";
				PRODUCT_BUNDLE_IDENTIFIER = "HYM.-1UITests";
				PRODUCT_NAME = "$(TARGET_NAME)";
				TEST_TARGET_NAME = 11;
			};
			name = Release;
		};
/* End XCBuildConfiguration section */

/* Begin XCConfigurationList section */
		987DD42C1D94BDFD00D71919 /* Build configuration list for PBXProject "11" */ = {
			isa = XCConfigurationList;
			buildConfigurations = (
				987DD45C1D94BDFE00D71919 /* Debug */,
				987DD45D1D94BDFE00D71919 /* Release */,
			);
			defaultConfigurationIsVisible = 0;
			defaultConfigurationName = Release;
		};
		987DD45E1D94BDFE00D71919 /* Build configuration list for PBXNativeTarget "11" */ = {
			isa = XCConfigurationList;
			buildConfigurations = (
				987DD45F1D94BDFE00D71919 /* Debug */,
				987DD4601D94BDFE00D71919 /* Release */,
			);
			defaultConfigurationIsVisible = 0;
		};
		987DD4611D94BDFE00D71919 /* Build configuration list for PBXNativeTarget "11Tests" */ = {
			isa = XCConfigurationList;
			buildConfigurations = (
				987DD4621D94BDFE00D71919 /* Debug */,
				987DD4631D94BDFE00D71919 /* Release */,
			);
			defaultConfigurationIsVisible = 0;
		};
		987DD4641D94BDFE00D71919 /* Build configuration list for PBXNativeTarget "11UITests" */ = {
			isa = XCConfigurationList;
			buildConfigurations = (
				987DD4651D94BDFE00D71919 /* Debug */,
				987DD4661D94BDFE00D71919 /* Release */,
			);
			defaultConfigurationIsVisible = 0;
		};
/* End XCConfigurationList section */
	};
	rootObject = 987DD4291D94BDFD00D71919 /* Project object */;
}
